
Microsoft Visual Studio Solution File, Format Version 12.00
# Visual Studio Version 16
VisualStudioVersion = 16.0.32413.511
MinimumVisualStudioVersion = 10.0.40219.1
Project("{FAE04EC0-301F-11D3-BF4B-00C04F79EFBC}") = "Advert.Web", "Advert.Web.csproj", "{84030B09-EA10-4AB1-AF8B-95B26F5ED42A}"
EndProject
Global
	GlobalSection(SolutionConfigurationPlatforms) = preSolution
		Debug|Any CPU = Debug|Any CPU
		Release|Any CPU = Release|Any CPU
	EndGlobalSection
	GlobalSection(ProjectConfigurationPlatforms) = postSolution
		{84030B09-EA10-4AB1-AF8B-95B26F5ED42A}.Debug|Any CPU.ActiveCfg = Debug|Any CPU
		{84030B09-EA10-4AB1-AF8B-95B26F5ED42A}.Debug|Any CPU.Build.0 = Debug|Any CPU
		{84030B09-EA10-4AB1-AF8B-95B26F5ED42A}.Release|Any CPU.ActiveCfg = Release|Any CPU
		{84030B09-EA10-4AB1-AF8B-95B26F5ED42A}.Release|Any CPU.Build.0 = Release|Any CPU
	EndGlobalSection
	GlobalSection(SolutionProperties) = preSolution
		HideSolutionNode = FALSE
	EndGlobalSection
	GlobalSection(ExtensibilityGlobals) = postSolution
		SolutionGuid = {652BAEDF-4F83-4F73-BC34-094D3AC24A2F}
	EndGlobalSection
EndGlobal
